
Microsoft Visual Studio Solution File, Format Version 12.00
# Visual Studio Version 17
VisualStudioVersion = 17.5.002.0
MinimumVisualStudioVersion = 10.0.40219.1
Project("{9A19103F-16F7-4668-BE54-9A1E7A4F7556}") = "webapp-sam-lab13", "webapp-sam-lab13.csproj", "{773189B7-FA88-4EE7-B570-799D7B3E7185}"
EndProject
Global
	GlobalSection(SolutionConfigurationPlatforms) = preSolution
		Debug|Any CPU = Debug|Any CPU
		Release|Any CPU = Release|Any CPU
	EndGlobalSection
	GlobalSection(ProjectConfigurationPlatforms) = postSolution
		{773189B7-FA88-4EE7-B570-799D7B3E7185}.Debug|Any CPU.ActiveCfg = Debug|Any CPU
		{773189B7-FA88-4EE7-B570-799D7B3E7185}.Debug|Any CPU.Build.0 = Debug|Any CPU
		{773189B7-FA88-4EE7-B570-799D7B3E7185}.Release|Any CPU.ActiveCfg = Release|Any CPU
		{773189B7-FA88-4EE7-B570-799D7B3E7185}.Release|Any CPU.Build.0 = Release|Any CPU
	EndGlobalSection
	GlobalSection(SolutionProperties) = preSolution
		HideSolutionNode = FALSE
	EndGlobalSection
	GlobalSection(ExtensibilityGlobals) = postSolution
		SolutionGuid = {BD80C9BA-1385-4820-9996-B01C7DCEE5D7}
	EndGlobalSection
EndGlobal
